
Microsoft Visual Studio Solution File, Format Version 12.00
# Visual Studio 15
VisualStudioVersion = 15.0.26730.16
MinimumVisualStudioVersion = 10.0.40219.1
Project("{FAE04EC0-301F-11D3-BF4B-00C04F79EFBC}") = "BootstrapTableExample", "BootstrapTableExample\BootstrapTableExample.csproj", "{0B233AE7-845D-4319-A951-D54803F98294}"
EndProject
Global
	GlobalSection(SolutionConfigurationPlatforms) = preSolution
		Debug|Any CPU = Debug|Any CPU
		Release|Any CPU = Release|Any CPU
	EndGlobalSection
	GlobalSection(ProjectConfigurationPlatforms) = postSolution
		{0B233AE7-845D-4319-A951-D54803F98294}.Debug|Any CPU.ActiveCfg = Debug|Any CPU
		{0B233AE7-845D-4319-A951-D54803F98294}.Debug|Any CPU.Build.0 = Debug|Any CPU
		{0B233AE7-845D-4319-A951-D54803F98294}.Release|Any CPU.ActiveCfg = Release|Any CPU
		{0B233AE7-845D-4319-A951-D54803F98294}.Release|Any CPU.Build.0 = Release|Any CPU
	EndGlobalSection
	GlobalSection(SolutionProperties) = preSolution
		HideSolutionNode = FALSE
	EndGlobalSection
	GlobalSection(ExtensibilityGlobals) = postSolution
		SolutionGuid = {90790216-089C-472E-B656-3689A902BA95}
	EndGlobalSection
EndGlobal
